{
  "version": 4,
  "terraform_version": "1.3.6",
  "serial": 16,
  "lineage": "9dc1c326-3d36-73d4-b516-a06f89c221d4",
  "outputs": {},
  "resources": [
    {
      "mode": "managed",
      "type": "checkly_alert_channel",
      "name": "email",
      "provider": "provider[\"registry.terraform.io/checkly/checkly\"]",
      "instances": [
        {
          "schema_version": 0,
          "attributes": {
            "email": [
              {
                "address": "uku@plausible.io"
              }
            ],
            "id": "146571",
            "opsgenie": [],
            "pagerduty": [],
            "send_degraded": true,
            "send_failure": true,
            "send_recovery": true,
            "slack": [],
            "sms": [],
            "ssl_expiry": false,
            "ssl_expiry_threshold": 30,
            "webhook": []
          },
          "sensitive_attributes": [],
          "private": "bnVsbA=="
        }
      ]
    },
    {
      "mode": "managed",
      "type": "checkly_check",
      "name": "plausible-io-api-health",
      "provider": "provider[\"registry.terraform.io/checkly/checkly\"]",
      "instances": [
        {
          "schema_version": 0,
          "attributes": {
            "activated": true,
            "alert_channel_subscription": [],
            "alert_settings": [
              {
                "escalation_type": "RUN_BASED",
                "reminders": [
                  {
                    "amount": 0,
                    "interval": 5
                  }
                ],
                "run_based_escalation": [
                  {
                    "failed_run_threshold": 1
                  }
                ],
                "ssl_certificates": [],
                "time_based_escalation": []
              }
            ],
            "degraded_response_time": 15000,
            "double_check": true,
            "environment_variable": [],
            "environment_variables": {},
            "frequency": 1,
            "frequency_offset": null,
            "group_id": 365968,
            "group_order": 0,
            "id": "a9118092-a13a-4824-9af0-cc72c1ecff3f",
            "local_setup_script": "",
            "local_teardown_script": "",
            "locations": [],
            "max_response_time": 30000,
            "muted": false,
            "name": "Check plausible.io/api/health",
            "private_locations": [],
            "request": [
              {
                "assertion": [
                  {
                    "comparison": "EQUALS",
                    "property": "$.clickhouse",
                    "source": "JSON_BODY",
                    "target": "ok"
                  },
                  {
                    "comparison": "EQUALS",
                    "property": "$.postgres",
                    "source": "JSON_BODY",
                    "target": "ok"
                  },
                  {
                    "comparison": "EQUALS",
                    "property": "$.sites_cache",
                    "source": "JSON_BODY",
                    "target": "ok"
                  }
                ],
                "basic_auth": [],
                "body": "",
                "body_type": "NONE",
                "follow_redirects": false,
                "headers": {},
                "method": "GET",
                "query_parameters": {},
                "skip_ssl": false,
                "url": "https://plausible.io/api/health"
              }
            ],
            "runtime_id": null,
            "script": "",
            "setup_snippet_id": 0,
            "should_fail": false,
            "ssl_check": null,
            "tags": [],
            "teardown_snippet_id": 0,
            "type": "API",
            "use_global_alert_settings": false
          },
          "sensitive_attributes": [],
          "private": "bnVsbA==",
          "dependencies": [
            "checkly_alert_channel.email",
            "checkly_check_group.reachability"
          ]
        }
      ]
    },
    {
      "mode": "managed",
      "type": "checkly_check",
      "name": "plausible-io-ingestion",
      "provider": "provider[\"registry.terraform.io/checkly/checkly\"]",
      "instances": [
        {
          "schema_version": 0,
          "attributes": {
            "activated": true,
            "alert_channel_subscription": [],
            "alert_settings": [
              {
                "escalation_type": "RUN_BASED",
                "reminders": [
                  {
                    "amount": 0,
                    "interval": 5
                  }
                ],
                "run_based_escalation": [
                  {
                    "failed_run_threshold": 1
                  }
                ],
                "ssl_certificates": [],
                "time_based_escalation": []
              }
            ],
            "degraded_response_time": 15000,
            "double_check": true,
            "environment_variable": [],
            "environment_variables": {},
            "frequency": 1,
            "frequency_offset": null,
            "group_id": 365968,
            "group_order": 0,
            "id": "719bbdb2-3907-4c8a-a567-f28ca1511a3a",
            "local_setup_script": "",
            "local_teardown_script": "",
            "locations": [],
            "max_response_time": 30000,
            "muted": false,
            "name": "Check plausible.io/api/event",
            "private_locations": [],
            "request": [
              {
                "assertion": [
                  {
                    "comparison": "EQUALS",
                    "property": "",
                    "source": "STATUS_CODE",
                    "target": "202"
                  },
                  {
                    "comparison": "EQUALS",
                    "property": "",
                    "source": "TEXT_BODY",
                    "target": "ok"
                  },
                  {
                    "comparison": "IS_EMPTY",
                    "property": "x-plausible-dropped",
                    "source": "HEADERS",
                    "target": ""
                  }
                ],
                "basic_auth": [],
                "body": "      {\n        \"name\": \"pageview\",\n        \"url\": \"https://internal--checkly.com/\",\n        \"domain\": \"internal--checkly.com\",\n        \"width\": 1666\n      }\n",
                "body_type": "JSON",
                "follow_redirects": false,
                "headers": {
                  "User-Agent": "Mozilla/5.0 (Macintosh; Intel Mac OS X 10_15_6) AppleWebKit/537.36 (KHTML, like Gecko) Chrome/85.0.4183.121 Safari/537.36 OPR/71.0.3770.284"
                },
                "method": "POST",
                "query_parameters": {},
                "skip_ssl": false,
                "url": "https://plausible.io/api/event"
              }
            ],
            "runtime_id": null,
            "script": "",
            "setup_snippet_id": 0,
            "should_fail": false,
            "ssl_check": null,
            "tags": [],
            "teardown_snippet_id": 0,
            "type": "API",
            "use_global_alert_settings": false
          },
          "sensitive_attributes": [],
          "private": "bnVsbA==",
          "dependencies": [
            "checkly_check_group.reachability"
          ]
        }
      ]
    },
    {
      "mode": "managed",
      "type": "checkly_check",
      "name": "plausible-io-tracker-script",
      "provider": "provider[\"registry.terraform.io/checkly/checkly\"]",
      "instances": [
        {
          "schema_version": 0,
          "attributes": {
            "activated": true,
            "alert_channel_subscription": [],
            "alert_settings": [
              {
                "escalation_type": "RUN_BASED",
                "reminders": [
                  {
                    "amount": 0,
                    "interval": 5
                  }
                ],
                "run_based_escalation": [
                  {
                    "failed_run_threshold": 1
                  }
                ],
                "ssl_certificates": [],
                "time_based_escalation": []
              }
            ],
            "degraded_response_time": 15000,
            "double_check": true,
            "environment_variable": [],
            "environment_variables": {},
            "frequency": 1,
            "frequency_offset": null,
            "group_id": 365968,
            "group_order": 0,
            "id": "bff73081-49d5-435f-83d9-f66f880d44ef",
            "local_setup_script": "",
            "local_teardown_script": "",
            "locations": [],
            "max_response_time": 30000,
            "muted": false,
            "name": "Check plausible.io/js/script.js",
            "private_locations": [],
            "request": [
              {
                "assertion": [
                  {
                    "comparison": "CONTAINS",
                    "property": "",
                    "source": "TEXT_BODY",
                    "target": "window.plausible"
                  },
                  {
                    "comparison": "EQUALS",
                    "property": "",
                    "source": "STATUS_CODE",
                    "target": "200"
                  }
                ],
                "basic_auth": [],
                "body": "",
                "body_type": "NONE",
                "follow_redirects": false,
                "headers": {},
                "method": "GET",
                "query_parameters": {},
                "skip_ssl": false,
                "url": "https://plausible.io/js/script.js"
              }
            ],
            "runtime_id": null,
            "script": "",
            "setup_snippet_id": 0,
            "should_fail": false,
            "ssl_check": null,
            "tags": [],
            "teardown_snippet_id": 0,
            "type": "API",
            "use_global_alert_settings": false
          },
          "sensitive_attributes": [],
          "private": "bnVsbA==",
          "dependencies": [
            "checkly_alert_channel.email",
            "checkly_check_group.reachability"
          ]
        }
      ]
    },
    {
      "mode": "managed",
      "type": "checkly_check_group",
      "name": "reachability",
      "provider": "provider[\"registry.terraform.io/checkly/checkly\"]",
      "instances": [
        {
          "schema_version": 0,
          "attributes": {
            "activated": true,
            "alert_channel_subscription": [
              {
                "activated": true,
                "channel_id": 146571
              }
            ],
            "alert_settings": [
              {
                "escalation_type": "RUN_BASED",
                "reminders": [
                  {
                    "amount": 0,
                    "interval": 5
                  }
                ],
                "run_based_escalation": [
                  {
                    "failed_run_threshold": 1
                  }
                ],
                "ssl_certificates": [],
                "time_based_escalation": []
              }
            ],
            "api_check_defaults": [
              {
                "assertion": [],
                "basic_auth": [],
                "headers": {},
                "query_parameters": {},
                "url": ""
              }
            ],
            "concurrency": 3,
            "double_check": true,
            "environment_variable": [],
            "environment_variables": {},
            "id": "365968",
            "local_setup_script": "",
            "local_teardown_script": "",
            "locations": [
              "ap-southeast-2",
              "eu-central-1",
              "eu-north-1",
              "eu-south-1",
              "eu-west-2",
              "us-east-1",
              "us-west-1"
            ],
            "muted": false,
            "name": "Reachability probes",
            "private_locations": [],
            "runtime_id": null,
            "setup_snippet_id": 0,
            "tags": [
              "terraform"
            ],
            "teardown_snippet_id": 0,
            "use_global_alert_settings": false
          },
          "sensitive_attributes": [],
          "private": "bnVsbA==",
          "dependencies": [
            "checkly_alert_channel.email"
          ]
        }
      ]
    }
  ],
  "check_results": null
}
